// !$*UTF8*$!
{
	archiveVersion = 1;
	classes = {
	};
	objectVersion = 56;
	objects = {

/* Begin PBXBuildFile section */
		3885D5F32AEB4FC500616336 /* Hoppitt_CalendarApp.swift in Sources */ = {isa = PBXBuildFile; fileRef = 3885D5F22AEB4FC500616336 /* Hoppitt_CalendarApp.swift */; };
		3885D5F52AEB4FC500616336 /* HomePageView.swift in Sources */ = {isa = PBXBuildFile; fileRef = 3885D5F42AEB4FC500616336 /* HomePageView.swift */; };
		3885D5F72AEB4FCC00616336 /* Assets.xcassets in Resources */ = {isa = PBXBuildFile; fileRef = 3885D5F62AEB4FCC00616336 /* Assets.xcassets */; };
		3885D5FA2AEB4FCC00616336 /* Preview Assets.xcassets in Resources */ = {isa = PBXBuildFile; fileRef = 3885D5F92AEB4FCC00616336 /* Preview Assets.xcassets */; };
		3885D6042AEB4FCC00616336 /* Hoppitt_CalendarTests.swift in Sources */ = {isa = PBXBuildFile; fileRef = 3885D6032AEB4FCC00616336 /* Hoppitt_CalendarTests.swift */; };
		3885D60E2AEB4FCC00616336 /* Hoppitt_CalendarUITests.swift in Sources */ = {isa = PBXBuildFile; fileRef = 3885D60D2AEB4FCC00616336 /* Hoppitt_CalendarUITests.swift */; };
		3885D6102AEB4FCC00616336 /* Hoppitt_CalendarUITestsLaunchTests.swift in Sources */ = {isa = PBXBuildFile; fileRef = 3885D60F2AEB4FCC00616336 /* Hoppitt_CalendarUITestsLaunchTests.swift */; };
		3885D61D2AEB5CA400616336 /* CreateEventButton.swift in Sources */ = {isa = PBXBuildFile; fileRef = 3885D61C2AEB5CA400616336 /* CreateEventButton.swift */; };
		3885D6202AEB6A8800616336 /* Constants.swift in Sources */ = {isa = PBXBuildFile; fileRef = 3885D61F2AEB6A8800616336 /* Constants.swift */; };
		3885D6262AEB93F200616336 /* CalendarEventsService.swift in Sources */ = {isa = PBXBuildFile; fileRef = 3885D6252AEB93F200616336 /* CalendarEventsService.swift */; };
		3885D6292AEB96C700616336 /* AWSCore in Frameworks */ = {isa = PBXBuildFile; productRef = 3885D6282AEB96C700616336 /* AWSCore */; };
		3885D62B2AEB96C700616336 /* AWSDynamoDB in Frameworks */ = {isa = PBXBuildFile; productRef = 3885D62A2AEB96C700616336 /* AWSDynamoDB */; };
		3885D62D2AEB9D3C00616336 /* CalendarEvent.swift in Sources */ = {isa = PBXBuildFile; fileRef = 3885D62C2AEB9D3C00616336 /* CalendarEvent.swift */; };
		38ED269E2AEBC67D0026CA27 /* Secrets.swift in Sources */ = {isa = PBXBuildFile; fileRef = 38ED269D2AEBC67D0026CA27 /* Secrets.swift */; };
/* End PBXBuildFile section */

/* Begin PBXContainerItemProxy section */
		3885D6002AEB4FCC00616336 /* PBXContainerItemProxy */ = {
			isa = PBXContainerItemProxy;
			containerPortal = 3885D5E72AEB4FC500616336 /* Project object */;
			proxyType = 1;
			remoteGlobalIDString = 3885D5EE2AEB4FC500616336;
			remoteInfo = "Hoppitt Calendar";
		};
		3885D60A2AEB4FCC00616336 /* PBXContainerItemProxy */ = {
			isa = PBXContainerItemProxy;
			containerPortal = 3885D5E72AEB4FC500616336 /* Project object */;
			proxyType = 1;
			remoteGlobalIDString = 3885D5EE2AEB4FC500616336;
			remoteInfo = "Hoppitt Calendar";
		};
/* End PBXContainerItemProxy section */

/* Begin PBXFileReference section */
		3885D5EF2AEB4FC500616336 /* Hoppitt Calendar.app */ = {isa = PBXFileReference; explicitFileType = wrapper.application; includeInIndex = 0; path = "Hoppitt Calendar.app"; sourceTree = BUILT_PRODUCTS_DIR; };
		3885D5F22AEB4FC500616336 /* Hoppitt_CalendarApp.swift */ = {isa = PBXFileReference; lastKnownFileType = sourcecode.swift; path = Hoppitt_CalendarApp.swift; sourceTree = "<group>"; };
		3885D5F42AEB4FC500616336 /* HomePageView.swift */ = {isa = PBXFileReference; lastKnownFileType = sourcecode.swift; path = HomePageView.swift; sourceTree = "<group>"; };
		3885D5F62AEB4FCC00616336 /* Assets.xcassets */ = {isa = PBXFileReference; lastKnownFileType = folder.assetcatalog; path = Assets.xcassets; sourceTree = "<group>"; };
		3885D5F92AEB4FCC00616336 /* Preview Assets.xcassets */ = {isa = PBXFileReference; lastKnownFileType = folder.assetcatalog; path = "Preview Assets.xcassets"; sourceTree = "<group>"; };
		3885D5FF2AEB4FCC00616336 /* Hoppitt CalendarTests.xctest */ = {isa = PBXFileReference; explicitFileType = wrapper.cfbundle; includeInIndex = 0; path = "Hoppitt CalendarTests.xctest"; sourceTree = BUILT_PRODUCTS_DIR; };
		3885D6032AEB4FCC00616336 /* Hoppitt_CalendarTests.swift */ = {isa = PBXFileReference; lastKnownFileType = sourcecode.swift; path = Hoppitt_CalendarTests.swift; sourceTree = "<group>"; };
		3885D6092AEB4FCC00616336 /* Hoppitt CalendarUITests.xctest */ = {isa = PBXFileReference; explicitFileType = wrapper.cfbundle; includeInIndex = 0; path = "Hoppitt CalendarUITests.xctest"; sourceTree = BUILT_PRODUCTS_DIR; };
		3885D60D2AEB4FCC00616336 /* Hoppitt_CalendarUITests.swift */ = {isa = PBXFileReference; lastKnownFileType = sourcecode.swift; path = Hoppitt_CalendarUITests.swift; sourceTree = "<group>"; };
		3885D60F2AEB4FCC00616336 /* Hoppitt_CalendarUITestsLaunchTests.swift */ = {isa = PBXFileReference; lastKnownFileType = sourcecode.swift; path = Hoppitt_CalendarUITestsLaunchTests.swift; sourceTree = "<group>"; };
		3885D61C2AEB5CA400616336 /* CreateEventButton.swift */ = {isa = PBXFileReference; lastKnownFileType = sourcecode.swift; path = CreateEventButton.swift; sourceTree = "<group>"; };
		3885D61F2AEB6A8800616336 /* Constants.swift */ = {isa = PBXFileReference; lastKnownFileType = sourcecode.swift; path = Constants.swift; sourceTree = "<group>"; };
		3885D6212AEB6E7800616336 /* README.md */ = {isa = PBXFileReference; lastKnownFileType = net.daringfireball.markdown; path = README.md; sourceTree = "<group>"; };
		3885D6252AEB93F200616336 /* CalendarEventsService.swift */ = {isa = PBXFileReference; lastKnownFileType = sourcecode.swift; path = CalendarEventsService.swift; sourceTree = "<group>"; };
		3885D62C2AEB9D3C00616336 /* CalendarEvent.swift */ = {isa = PBXFileReference; lastKnownFileType = sourcecode.swift; path = CalendarEvent.swift; sourceTree = "<group>"; };
		38ED269D2AEBC67D0026CA27 /* Secrets.swift */ = {isa = PBXFileReference; lastKnownFileType = sourcecode.swift; path = Secrets.swift; sourceTree = "<group>"; };
/* End PBXFileReference section */

/* Begin PBXFrameworksBuildPhase section */
		3885D5EC2AEB4FC500616336 /* Frameworks */ = {
			isa = PBXFrameworksBuildPhase;
			buildActionMask = 2147483647;
			files = (
				3885D62B2AEB96C700616336 /* AWSDynamoDB in Frameworks */,
				3885D6292AEB96C700616336 /* AWSCore in Frameworks */,
			);
			runOnlyForDeploymentPostprocessing = 0;
		};
		3885D5FC2AEB4FCC00616336 /* Frameworks */ = {
			isa = PBXFrameworksBuildPhase;
			buildActionMask = 2147483647;
			files = (
			);
			runOnlyForDeploymentPostprocessing = 0;
		};
		3885D6062AEB4FCC00616336 /* Frameworks */ = {
			isa = PBXFrameworksBuildPhase;
			buildActionMask = 2147483647;
			files = (
			);
			runOnlyForDeploymentPostprocessing = 0;
		};
/* End PBXFrameworksBuildPhase section */

/* Begin PBXGroup section */
		3885D5E62AEB4FC500616336 = {
			isa = PBXGroup;
			children = (
				3885D6212AEB6E7800616336 /* README.md */,
				3885D5F12AEB4FC500616336 /* Hoppitt Calendar */,
				3885D6022AEB4FCC00616336 /* Hoppitt CalendarTests */,
				3885D60C2AEB4FCC00616336 /* Hoppitt CalendarUITests */,
				3885D5F02AEB4FC500616336 /* Products */,
			);
			sourceTree = "<group>";
		};
		3885D5F02AEB4FC500616336 /* Products */ = {
			isa = PBXGroup;
			children = (
				3885D5EF2AEB4FC500616336 /* Hoppitt Calendar.app */,
				3885D5FF2AEB4FCC00616336 /* Hoppitt CalendarTests.xctest */,
				3885D6092AEB4FCC00616336 /* Hoppitt CalendarUITests.xctest */,
			);
			name = Products;
			sourceTree = "<group>";
		};
		3885D5F12AEB4FC500616336 /* Hoppitt Calendar */ = {
			isa = PBXGroup;
			children = (
				3885D5F22AEB4FC500616336 /* Hoppitt_CalendarApp.swift */,
				3885D62E2AEBBBAC00616336 /* Components */,
				3885D6222AEB715600616336 /* Pages */,
				3885D6242AEB93C400616336 /* AWSDynamoDB */,
				3885D6232AEB716B00616336 /* Resources */,
				3885D5F82AEB4FCC00616336 /* Preview Content */,
			);
			path = "Hoppitt Calendar";
			sourceTree = "<group>";
		};
		3885D5F82AEB4FCC00616336 /* Preview Content */ = {
			isa = PBXGroup;
			children = (
				3885D5F92AEB4FCC00616336 /* Preview Assets.xcassets */,
			);
			path = "Preview Content";
			sourceTree = "<group>";
		};
		3885D6022AEB4FCC00616336 /* Hoppitt CalendarTests */ = {
			isa = PBXGroup;
			children = (
				3885D6032AEB4FCC00616336 /* Hoppitt_CalendarTests.swift */,
			);
			path = "Hoppitt CalendarTests";
			sourceTree = "<group>";
		};
		3885D60C2AEB4FCC00616336 /* Hoppitt CalendarUITests */ = {
			isa = PBXGroup;
			children = (
				3885D60D2AEB4FCC00616336 /* Hoppitt_CalendarUITests.swift */,
				3885D60F2AEB4FCC00616336 /* Hoppitt_CalendarUITestsLaunchTests.swift */,
			);
			path = "Hoppitt CalendarUITests";
			sourceTree = "<group>";
		};
		3885D6222AEB715600616336 /* Pages */ = {
			isa = PBXGroup;
			children = (
				3885D5F42AEB4FC500616336 /* HomePageView.swift */,
			);
			path = Pages;
			sourceTree = "<group>";
		};
		3885D6232AEB716B00616336 /* Resources */ = {
			isa = PBXGroup;
			children = (
				3885D5F62AEB4FCC00616336 /* Assets.xcassets */,
				3885D61F2AEB6A8800616336 /* Constants.swift */,
				38ED269D2AEBC67D0026CA27 /* Secrets.swift */,
			);
			path = Resources;
			sourceTree = "<group>";
		};
		3885D6242AEB93C400616336 /* AWSDynamoDB */ = {
			isa = PBXGroup;
			children = (
				3885D6252AEB93F200616336 /* CalendarEventsService.swift */,
				38ED269F2AEC92750026CA27 /* Tables */,
			);
			path = AWSDynamoDB;
			sourceTree = "<group>";
		};
		3885D62E2AEBBBAC00616336 /* Components */ = {
			isa = PBXGroup;
			children = (
				3885D61C2AEB5CA400616336 /* CreateEventButton.swift */,
			);
			path = Components;
			sourceTree = "<group>";
		};
		38ED269F2AEC92750026CA27 /* Tables */ = {
			isa = PBXGroup;
			children = (
				3885D62C2AEB9D3C00616336 /* CalendarEvent.swift */,
			);
			path = Tables;
			sourceTree = "<group>";
		};
/* End PBXGroup section */

/* Begin PBXNativeTarget section */
		3885D5EE2AEB4FC500616336 /* Hoppitt Calendar */ = {
			isa = PBXNativeTarget;
			buildConfigurationList = 3885D6132AEB4FCC00616336 /* Build configuration list for PBXNativeTarget "Hoppitt Calendar" */;
			buildPhases = (
				3885D5EB2AEB4FC500616336 /* Sources */,
				3885D5EC2AEB4FC500616336 /* Frameworks */,
				3885D5ED2AEB4FC500616336 /* Resources */,
			);
			buildRules = (
			);
			dependencies = (
			);
			name = "Hoppitt Calendar";
			packageProductDependencies = (
				3885D6282AEB96C700616336 /* AWSCore */,
				3885D62A2AEB96C700616336 /* AWSDynamoDB */,
			);
			productName = "Hoppitt Calendar";
			productReference = 3885D5EF2AEB4FC500616336 /* Hoppitt Calendar.app */;
			productType = "com.apple.product-type.application";
		};
		3885D5FE2AEB4FCC00616336 /* Hoppitt CalendarTests */ = {
			isa = PBXNativeTarget;
			buildConfigurationList = 3885D6162AEB4FCC00616336 /* Build configuration list for PBXNativeTarget "Hoppitt CalendarTests" */;
			buildPhases = (
				3885D5FB2AEB4FCC00616336 /* Sources */,
				3885D5FC2AEB4FCC00616336 /* Frameworks */,
				3885D5FD2AEB4FCC00616336 /* Resources */,
			);
			buildRules = (
			);
			dependencies = (
				3885D6012AEB4FCC00616336 /* PBXTargetDependency */,
			);
			name = "Hoppitt CalendarTests";
			productName = "Hoppitt CalendarTests";
			productReference = 3885D5FF2AEB4FCC00616336 /* Hoppitt CalendarTests.xctest */;
			productType = "com.apple.product-type.bundle.unit-test";
		};
		3885D6082AEB4FCC00616336 /* Hoppitt CalendarUITests */ = {
			isa = PBXNativeTarget;
			buildConfigurationList = 3885D6192AEB4FCC00616336 /* Build configuration list for PBXNativeTarget "Hoppitt CalendarUITests" */;
			buildPhases = (
				3885D6052AEB4FCC00616336 /* Sources */,
				3885D6062AEB4FCC00616336 /* Frameworks */,
				3885D6072AEB4FCC00616336 /* Resources */,
			);
			buildRules = (
			);
			dependencies = (
				3885D60B2AEB4FCC00616336 /* PBXTargetDependency */,
			);
			name = "Hoppitt CalendarUITests";
			productName = "Hoppitt CalendarUITests";
			productReference = 3885D6092AEB4FCC00616336 /* Hoppitt CalendarUITests.xctest */;
			productType = "com.apple.product-type.bundle.ui-testing";
		};
/* End PBXNativeTarget section */

/* Begin PBXProject section */
		3885D5E72AEB4FC500616336 /* Project object */ = {
			isa = PBXProject;
			attributes = {
				BuildIndependentTargetsInParallel = 1;
				LastSwiftUpdateCheck = 1500;
				LastUpgradeCheck = 1500;
				TargetAttributes = {
					3885D5EE2AEB4FC500616336 = {
						CreatedOnToolsVersion = 15.0.1;
					};
					3885D5FE2AEB4FCC00616336 = {
						CreatedOnToolsVersion = 15.0.1;
						TestTargetID = 3885D5EE2AEB4FC500616336;
					};
					3885D6082AEB4FCC00616336 = {
						CreatedOnToolsVersion = 15.0.1;
						TestTargetID = 3885D5EE2AEB4FC500616336;
					};
				};
			};
			buildConfigurationList = 3885D5EA2AEB4FC500616336 /* Build configuration list for PBXProject "Hoppitt Calendar" */;
			compatibilityVersion = "Xcode 14.0";
			developmentRegion = en;
			hasScannedForEncodings = 0;
			knownRegions = (
				en,
				Base,
			);
			mainGroup = 3885D5E62AEB4FC500616336;
			packageReferences = (
				3885D6272AEB96C700616336 /* XCRemoteSwiftPackageReference "aws-sdk-ios-spm" */,
			);
			productRefGroup = 3885D5F02AEB4FC500616336 /* Products */;
			projectDirPath = "";
			projectRoot = "";
			targets = (
				3885D5EE2AEB4FC500616336 /* Hoppitt Calendar */,
				3885D5FE2AEB4FCC00616336 /* Hoppitt CalendarTests */,
				3885D6082AEB4FCC00616336 /* Hoppitt CalendarUITests */,
			);
		};
/* End PBXProject section */

/* Begin PBXResourcesBuildPhase section */
		3885D5ED2AEB4FC500616336 /* Resources */ = {
			isa = PBXResourcesBuildPhase;
			buildActionMask = 2147483647;
			files = (
				3885D5FA2AEB4FCC00616336 /* Preview Assets.xcassets in Resources */,
				3885D5F72AEB4FCC00616336 /* Assets.xcassets in Resources */,
			);
			runOnlyForDeploymentPostprocessing = 0;
		};
		3885D5FD2AEB4FCC00616336 /* Resources */ = {
			isa = PBXResourcesBuildPhase;
			buildActionMask = 2147483647;
			files = (
			);
			runOnlyForDeploymentPostprocessing = 0;
		};
		3885D6072AEB4FCC00616336 /* Resources */ = {
			isa = PBXResourcesBuildPhase;
			buildActionMask = 2147483647;
			files = (
			);
			runOnlyForDeploymentPostprocessing = 0;
		};
/* End PBXResourcesBuildPhase section */

/* Begin PBXSourcesBuildPhase section */
		3885D5EB2AEB4FC500616336 /* Sources */ = {
			isa = PBXSourcesBuildPhase;
			buildActionMask = 2147483647;
			files = (
				3885D61D2AEB5CA400616336 /* CreateEventButton.swift in Sources */,
				3885D6262AEB93F200616336 /* CalendarEventsService.swift in Sources */,
				38ED269E2AEBC67D0026CA27 /* Secrets.swift in Sources */,
				3885D5F52AEB4FC500616336 /* HomePageView.swift in Sources */,
				3885D5F32AEB4FC500616336 /* Hoppitt_CalendarApp.swift in Sources */,
				3885D62D2AEB9D3C00616336 /* CalendarEvent.swift in Sources */,
				3885D6202AEB6A8800616336 /* Constants.swift in Sources */,
			);
			runOnlyForDeploymentPostprocessing = 0;
		};
		3885D5FB2AEB4FCC00616336 /* Sources */ = {
			isa = PBXSourcesBuildPhase;
			buildActionMask = 2147483647;
			files = (
				3885D6042AEB4FCC00616336 /* Hoppitt_CalendarTests.swift in Sources */,
			);
			runOnlyForDeploymentPostprocessing = 0;
		};
		3885D6052AEB4FCC00616336 /* Sources */ = {
			isa = PBXSourcesBuildPhase;
			buildActionMask = 2147483647;
			files = (
				3885D60E2AEB4FCC00616336 /* Hoppitt_CalendarUITests.swift in Sources */,
				3885D6102AEB4FCC00616336 /* Hoppitt_CalendarUITestsLaunchTests.swift in Sources */,
			);
			runOnlyForDeploymentPostprocessing = 0;
		};
/* End PBXSourcesBuildPhase section */

/* Begin PBXTargetDependency section */
		3885D6012AEB4FCC00616336 /* PBXTargetDependency */ = {
			isa = PBXTargetDependency;
			target = 3885D5EE2AEB4FC500616336 /* Hoppitt Calendar */;
			targetProxy = 3885D6002AEB4FCC00616336 /* PBXContainerItemProxy */;
		};
		3885D60B2AEB4FCC00616336 /* PBXTargetDependency */ = {
			isa = PBXTargetDependency;
			target = 3885D5EE2AEB4FC500616336 /* Hoppitt Calendar */;
			targetProxy = 3885D60A2AEB4FCC00616336 /* PBXContainerItemProxy */;
		};
/* End PBXTargetDependency section */

/* Begin XCBuildConfiguration section */
		3885D6112AEB4FCC00616336 /* Debug */ = {
			isa = XCBuildConfiguration;
			buildSettings = {
				ALWAYS_SEARCH_USER_PATHS = NO;
				ASSETCATALOG_COMPILER_GENERATE_SWIFT_ASSET_SYMBOL_EXTENSIONS = YES;
				CLANG_ANALYZER_NONNULL = YES;
				CLANG_ANALYZER_NUMBER_OBJECT_CONVERSION = YES_AGGRESSIVE;
				CLANG_CXX_LANGUAGE_STANDARD = "gnu++20";
				CLANG_ENABLE_MODULES = YES;
				CLANG_ENABLE_OBJC_ARC = YES;
				CLANG_ENABLE_OBJC_WEAK = YES;
				CLANG_WARN_BLOCK_CAPTURE_AUTORELEASING = YES;
				CLANG_WARN_BOOL_CONVERSION = YES;
				CLANG_WARN_COMMA = YES;
				CLANG_WARN_CONSTANT_CONVERSION = YES;
				CLANG_WARN_DEPRECATED_OBJC_IMPLEMENTATIONS = YES;
				CLANG_WARN_DIRECT_OBJC_ISA_USAGE = YES_ERROR;
				CLANG_WARN_DOCUMENTATION_COMMENTS = YES;
				CLANG_WARN_EMPTY_BODY = YES;
				CLANG_WARN_ENUM_CONVERSION = YES;
				CLANG_WARN_INFINITE_RECURSION = YES;
				CLANG_WARN_INT_CONVERSION = YES;
				CLANG_WARN_NON_LITERAL_NULL_CONVERSION = YES;
				CLANG_WARN_OBJC_IMPLICIT_RETAIN_SELF = YES;
				CLANG_WARN_OBJC_LITERAL_CONVERSION = YES;
				CLANG_WARN_OBJC_ROOT_CLASS = YES_ERROR;
				CLANG_WARN_QUOTED_INCLUDE_IN_FRAMEWORK_HEADER = YES;
				CLANG_WARN_RANGE_LOOP_ANALYSIS = YES;
				CLANG_WARN_STRICT_PROTOTYPES = YES;
				CLANG_WARN_SUSPICIOUS_MOVE = YES;
				CLANG_WARN_UNGUARDED_AVAILABILITY = YES_AGGRESSIVE;
				CLANG_WARN_UNREACHABLE_CODE = YES;
				CLANG_WARN__DUPLICATE_METHOD_MATCH = YES;
				COPY_PHASE_STRIP = NO;
				DEBUG_INFORMATION_FORMAT = dwarf;
				ENABLE_STRICT_OBJC_MSGSEND = YES;
				ENABLE_TESTABILITY = YES;
				ENABLE_USER_SCRIPT_SANDBOXING = YES;
				GCC_C_LANGUAGE_STANDARD = gnu17;
				GCC_DYNAMIC_NO_PIC = NO;
				GCC_NO_COMMON_BLOCKS = YES;
				GCC_OPTIMIZATION_LEVEL = 0;
				GCC_PREPROCESSOR_DEFINITIONS = (
					"DEBUG=1",
					"$(inherited)",
				);
				GCC_WARN_64_TO_32_BIT_CONVERSION = YES;
				GCC_WARN_ABOUT_RETURN_TYPE = YES_ERROR;
				GCC_WARN_UNDECLARED_SELECTOR = YES;
				GCC_WARN_UNINITIALIZED_AUTOS = YES_AGGRESSIVE;
				GCC_WARN_UNUSED_FUNCTION = YES;
				GCC_WARN_UNUSED_VARIABLE = YES;
				IPHONEOS_DEPLOYMENT_TARGET = 17.0;
				LOCALIZATION_PREFERS_STRING_CATALOGS = YES;
				MTL_ENABLE_DEBUG_INFO = INCLUDE_SOURCE;
				MTL_FAST_MATH = YES;
				ONLY_ACTIVE_ARCH = YES;
				SDKROOT = iphoneos;
				SWIFT_ACTIVE_COMPILATION_CONDITIONS = "DEBUG $(inherited)";
				SWIFT_OPTIMIZATION_LEVEL = "-Onone";
			};
			name = Debug;
		};
		3885D6122AEB4FCC00616336 /* Release */ = {
			isa = XCBuildConfiguration;
			buildSettings = {
				ALWAYS_SEARCH_USER_PATHS = NO;
				ASSETCATALOG_COMPILER_GENERATE_SWIFT_ASSET_SYMBOL_EXTENSIONS = YES;
				CLANG_ANALYZER_NONNULL = YES;
				CLANG_ANALYZER_NUMBER_OBJECT_CONVERSION = YES_AGGRESSIVE;
				CLANG_CXX_LANGUAGE_STANDARD = "gnu++20";
				CLANG_ENABLE_MODULES = YES;
				CLANG_ENABLE_OBJC_ARC = YES;
				CLANG_ENABLE_OBJC_WEAK = YES;
				CLANG_WARN_BLOCK_CAPTURE_AUTORELEASING = YES;
				CLANG_WARN_BOOL_CONVERSION = YES;
				CLANG_WARN_COMMA = YES;
				CLANG_WARN_CONSTANT_CONVERSION = YES;
				CLANG_WARN_DEPRECATED_OBJC_IMPLEMENTATIONS = YES;
				CLANG_WARN_DIRECT_OBJC_ISA_USAGE = YES_ERROR;
				CLANG_WARN_DOCUMENTATION_COMMENTS = YES;
				CLANG_WARN_EMPTY_BODY = YES;
				CLANG_WARN_ENUM_CONVERSION = YES;
				CLANG_WARN_INFINITE_RECURSION = YES;
				CLANG_WARN_INT_CONVERSION = YES;
				CLANG_WARN_NON_LITERAL_NULL_CONVERSION = YES;
				CLANG_WARN_OBJC_IMPLICIT_RETAIN_SELF = YES;
				CLANG_WARN_OBJC_LITERAL_CONVERSION = YES;
				CLANG_WARN_OBJC_ROOT_CLASS = YES_ERROR;
				CLANG_WARN_QUOTED_INCLUDE_IN_FRAMEWORK_HEADER = YES;
				CLANG_WARN_RANGE_LOOP_ANALYSIS = YES;
				CLANG_WARN_STRICT_PROTOTYPES = YES;
				CLANG_WARN_SUSPICIOUS_MOVE = YES;
				CLANG_WARN_UNGUARDED_AVAILABILITY = YES_AGGRESSIVE;
				CLANG_WARN_UNREACHABLE_CODE = YES;
				CLANG_WARN__DUPLICATE_METHOD_MATCH = YES;
				COPY_PHASE_STRIP = NO;
				DEBUG_INFORMATION_FORMAT = "dwarf-with-dsym";
				ENABLE_NS_ASSERTIONS = NO;
				ENABLE_STRICT_OBJC_MSGSEND = YES;
				ENABLE_USER_SCRIPT_SANDBOXING = YES;
				GCC_C_LANGUAGE_STANDARD = gnu17;
				GCC_NO_COMMON_BLOCKS = YES;
				GCC_WARN_64_TO_32_BIT_CONVERSION = YES;
				GCC_WARN_ABOUT_RETURN_TYPE = YES_ERROR;
				GCC_WARN_UNDECLARED_SELECTOR = YES;
				GCC_WARN_UNINITIALIZED_AUTOS = YES_AGGRESSIVE;
				GCC_WARN_UNUSED_FUNCTION = YES;
				GCC_WARN_UNUSED_VARIABLE = YES;
				IPHONEOS_DEPLOYMENT_TARGET = 17.0;
				LOCALIZATION_PREFERS_STRING_CATALOGS = YES;
				MTL_ENABLE_DEBUG_INFO = NO;
				MTL_FAST_MATH = YES;
				SDKROOT = iphoneos;
				SWIFT_COMPILATION_MODE = wholemodule;
				VALIDATE_PRODUCT = YES;
			};
			name = Release;
		};
		3885D6142AEB4FCC00616336 /* Debug */ = {
			isa = XCBuildConfiguration;
			buildSettings = {
				ASSETCATALOG_COMPILER_APPICON_NAME = AppIcon;
				ASSETCATALOG_COMPILER_GLOBAL_ACCENT_COLOR_NAME = AccentColor;
				CODE_SIGN_STYLE = Automatic;
				CURRENT_PROJECT_VERSION = 1;
				DEVELOPMENT_ASSET_PATHS = "\"Hoppitt Calendar/Preview Content\"";
				DEVELOPMENT_TEAM = W8WDUK8Q48;
				ENABLE_PREVIEWS = YES;
				GENERATE_INFOPLIST_FILE = YES;
				INFOPLIST_KEY_UIApplicationSceneManifest_Generation = YES;
				INFOPLIST_KEY_UIApplicationSupportsIndirectInputEvents = YES;
				INFOPLIST_KEY_UILaunchScreen_Generation = YES;
				INFOPLIST_KEY_UISupportedInterfaceOrientations_iPad = "UIInterfaceOrientationPortrait UIInterfaceOrientationPortraitUpsideDown UIInterfaceOrientationLandscapeLeft UIInterfaceOrientationLandscapeRight";
				INFOPLIST_KEY_UISupportedInterfaceOrientations_iPhone = "UIInterfaceOrientationPortrait UIInterfaceOrientationLandscapeLeft UIInterfaceOrientationLandscapeRight";
				LD_RUNPATH_SEARCH_PATHS = (
					"$(inherited)",
					"@executable_path/Frameworks",
				);
				MARKETING_VERSION = 1.0;
				PRODUCT_BUNDLE_IDENTIFIER = "au.com.mhoppitt.Hoppitt-Calendar";
				PRODUCT_NAME = "$(TARGET_NAME)";
				SWIFT_EMIT_LOC_STRINGS = YES;
				SWIFT_VERSION = 5.0;
				TARGETED_DEVICE_FAMILY = "1,2";
			};
			name = Debug;
		};
		3885D6152AEB4FCC00616336 /* Release */ = {
			isa = XCBuildConfiguration;
			buildSettings = {
				ASSETCATALOG_COMPILER_APPICON_NAME = AppIcon;
				ASSETCATALOG_COMPILER_GLOBAL_ACCENT_COLOR_NAME = AccentColor;
				CODE_SIGN_STYLE = Automatic;
				CURRENT_PROJECT_VERSION = 1;
				DEVELOPMENT_ASSET_PATHS = "\"Hoppitt Calendar/Preview Content\"";
				DEVELOPMENT_TEAM = W8WDUK8Q48;
				ENABLE_PREVIEWS = YES;
				GENERATE_INFOPLIST_FILE = YES;
				INFOPLIST_KEY_UIApplicationSceneManifest_Generation = YES;
				INFOPLIST_KEY_UIApplicationSupportsIndirectInputEvents = YES;
				INFOPLIST_KEY_UILaunchScreen_Generation = YES;
				INFOPLIST_KEY_UISupportedInterfaceOrientations_iPad = "UIInterfaceOrientationPortrait UIInterfaceOrientationPortraitUpsideDown UIInterfaceOrientationLandscapeLeft UIInterfaceOrientationLandscapeRight";
				INFOPLIST_KEY_UISupportedInterfaceOrientations_iPhone = "UIInterfaceOrientationPortrait UIInterfaceOrientationLandscapeLeft UIInterfaceOrientationLandscapeRight";
				LD_RUNPATH_SEARCH_PATHS = (
					"$(inherited)",
					"@executable_path/Frameworks",
				);
				MARKETING_VERSION = 1.0;
				PRODUCT_BUNDLE_IDENTIFIER = "au.com.mhoppitt.Hoppitt-Calendar";
				PRODUCT_NAME = "$(TARGET_NAME)";
				SWIFT_EMIT_LOC_STRINGS = YES;
				SWIFT_VERSION = 5.0;
				TARGETED_DEVICE_FAMILY = "1,2";
			};
			name = Release;
		};
		3885D6172AEB4FCC00616336 /* Debug */ = {
			isa = XCBuildConfiguration;
			buildSettings = {
				ALWAYS_EMBED_SWIFT_STANDARD_LIBRARIES = YES;
				BUNDLE_LOADER = "$(TEST_HOST)";
				CODE_SIGN_STYLE = Automatic;
				CURRENT_PROJECT_VERSION = 1;
				DEVELOPMENT_TEAM = W8WDUK8Q48;
				GENERATE_INFOPLIST_FILE = YES;
				IPHONEOS_DEPLOYMENT_TARGET = 17.0;
				MARKETING_VERSION = 1.0;
				PRODUCT_BUNDLE_IDENTIFIER = "au.com.mhoppitt.Hoppitt-CalendarTests";
				PRODUCT_NAME = "$(TARGET_NAME)";
				SWIFT_EMIT_LOC_STRINGS = NO;
				SWIFT_VERSION = 5.0;
				TARGETED_DEVICE_FAMILY = "1,2";
				TEST_HOST = "$(BUILT_PRODUCTS_DIR)/Hoppitt Calendar.app/$(BUNDLE_EXECUTABLE_FOLDER_PATH)/Hoppitt Calendar";
			};
			name = Debug;
		};
		3885D6182AEB4FCC00616336 /* Release */ = {
			isa = XCBuildConfiguration;
			buildSettings = {
				ALWAYS_EMBED_SWIFT_STANDARD_LIBRARIES = YES;
				BUNDLE_LOADER = "$(TEST_HOST)";
				CODE_SIGN_STYLE = Automatic;
				CURRENT_PROJECT_VERSION = 1;
				DEVELOPMENT_TEAM = W8WDUK8Q48;
				GENERATE_INFOPLIST_FILE = YES;
				IPHONEOS_DEPLOYMENT_TARGET = 17.0;
				MARKETING_VERSION = 1.0;
				PRODUCT_BUNDLE_IDENTIFIER = "au.com.mhoppitt.Hoppitt-CalendarTests";
				PRODUCT_NAME = "$(TARGET_NAME)";
				SWIFT_EMIT_LOC_STRINGS = NO;
				SWIFT_VERSION = 5.0;
				TARGETED_DEVICE_FAMILY = "1,2";
				TEST_HOST = "$(BUILT_PRODUCTS_DIR)/Hoppitt Calendar.app/$(BUNDLE_EXECUTABLE_FOLDER_PATH)/Hoppitt Calendar";
			};
			name = Release;
		};
		3885D61A2AEB4FCC00616336 /* Debug */ = {
			isa = XCBuildConfiguration;
			buildSettings = {
				ALWAYS_EMBED_SWIFT_STANDARD_LIBRARIES = YES;
				CODE_SIGN_STYLE = Automatic;
				CURRENT_PROJECT_VERSION = 1;
				DEVELOPMENT_TEAM = W8WDUK8Q48;
				GENERATE_INFOPLIST_FILE = YES;
				MARKETING_VERSION = 1.0;
				PRODUCT_BUNDLE_IDENTIFIER = "au.com.mhoppitt.Hoppitt-CalendarUITests";
				PRODUCT_NAME = "$(TARGET_NAME)";
				SWIFT_EMIT_LOC_STRINGS = NO;
				SWIFT_VERSION = 5.0;
				TARGETED_DEVICE_FAMILY = "1,2";
				TEST_TARGET_NAME = "Hoppitt Calendar";
			};
			name = Debug;
		};
		3885D61B2AEB4FCC00616336 /* Release */ = {
			isa = XCBuildConfiguration;
			buildSettings = {
				ALWAYS_EMBED_SWIFT_STANDARD_LIBRARIES = YES;
				CODE_SIGN_STYLE = Automatic;
				CURRENT_PROJECT_VERSION = 1;
				DEVELOPMENT_TEAM = W8WDUK8Q48;
				GENERATE_INFOPLIST_FILE = YES;
				MARKETING_VERSION = 1.0;
				PRODUCT_BUNDLE_IDENTIFIER = "au.com.mhoppitt.Hoppitt-CalendarUITests";
				PRODUCT_NAME = "$(TARGET_NAME)";
				SWIFT_EMIT_LOC_STRINGS = NO;
				SWIFT_VERSION = 5.0;
				TARGETED_DEVICE_FAMILY = "1,2";
				TEST_TARGET_NAME = "Hoppitt Calendar";
			};
			name = Release;
		};
/* End XCBuildConfiguration section */

/* Begin XCConfigurationList section */
		3885D5EA2AEB4FC500616336 /* Build configuration list for PBXProject "Hoppitt Calendar" */ = {
			isa = XCConfigurationList;
			buildConfigurations = (
				3885D6112AEB4FCC00616336 /* Debug */,
				3885D6122AEB4FCC00616336 /* Release */,
			);
			defaultConfigurationIsVisible = 0;
			defaultConfigurationName = Release;
		};
		3885D6132AEB4FCC00616336 /* Build configuration list for PBXNativeTarget "Hoppitt Calendar" */ = {
			isa = XCConfigurationList;
			buildConfigurations = (
				3885D6142AEB4FCC00616336 /* Debug */,
				3885D6152AEB4FCC00616336 /* Release */,
			);
			defaultConfigurationIsVisible = 0;
			defaultConfigurationName = Release;
		};
		3885D6162AEB4FCC00616336 /* Build configuration list for PBXNativeTarget "Hoppitt CalendarTests" */ = {
			isa = XCConfigurationList;
			buildConfigurations = (
				3885D6172AEB4FCC00616336 /* Debug */,
				3885D6182AEB4FCC00616336 /* Release */,
			);
			defaultConfigurationIsVisible = 0;
			defaultConfigurationName = Release;
		};
		3885D6192AEB4FCC00616336 /* Build configuration list for PBXNativeTarget "Hoppitt CalendarUITests" */ = {
			isa = XCConfigurationList;
			buildConfigurations = (
				3885D61A2AEB4FCC00616336 /* Debug */,
				3885D61B2AEB4FCC00616336 /* Release */,
			);
			defaultConfigurationIsVisible = 0;
			defaultConfigurationName = Release;
		};
/* End XCConfigurationList section */

/* Begin XCRemoteSwiftPackageReference section */
		3885D6272AEB96C700616336 /* XCRemoteSwiftPackageReference "aws-sdk-ios-spm" */ = {
			isa = XCRemoteSwiftPackageReference;
			repositoryURL = "https://github.com/aws-amplify/aws-sdk-ios-spm";
			requirement = {
				kind = upToNextMajorVersion;
				minimumVersion = 2.33.4;
			};
		};
/* End XCRemoteSwiftPackageReference section */

/* Begin XCSwiftPackageProductDependency section */
		3885D6282AEB96C700616336 /* AWSCore */ = {
			isa = XCSwiftPackageProductDependency;
			package = 3885D6272AEB96C700616336 /* XCRemoteSwiftPackageReference "aws-sdk-ios-spm" */;
			productName = AWSCore;
		};
		3885D62A2AEB96C700616336 /* AWSDynamoDB */ = {
			isa = XCSwiftPackageProductDependency;
			package = 3885D6272AEB96C700616336 /* XCRemoteSwiftPackageReference "aws-sdk-ios-spm" */;
			productName = AWSDynamoDB;
		};
/* End XCSwiftPackageProductDependency section */
	};
	rootObject = 3885D5E72AEB4FC500616336 /* Project object */;
}
